Microsoft Visual Studio Solution File, Format Version 11.00
# Visual Studio 2010
Project("{FAE04EC0-301F-11D3-BF4B-00C04F79EFBC}") = "Assembly-CSharp", "Assembly-CSharp.csproj", "{79704B3E-353E-B511-FA63-81EBB5EF9A40}"
EndProject
Project("{FAE04EC0-301F-11D3-BF4B-00C04F79EFBC}") = "Assembly-CSharp-Editor", "Assembly-CSharp-Editor.csproj", "{DF3DF651-E28B-3255-0D65-6862F57162E4}"
EndProject
Global
	GlobalSection(SolutionConfigurationPlatforms) = preSolution
		Debug|Any CPU = Debug|Any CPU
		Release|Any CPU = Release|Any CPU
	EndGlobalSection
	GlobalSection(ProjectConfigurationPlatforms) = postSolution
		{79704B3E-353E-B511-FA63-81EBB5EF9A40}.Debug|Any CPU.ActiveCfg = Debug|Any CPU
		{79704B3E-353E-B511-FA63-81EBB5EF9A40}.Debug|Any CPU.Build.0 = Debug|Any CPU
		{79704B3E-353E-B511-FA63-81EBB5EF9A40}.Release|Any CPU.ActiveCfg = Release|Any CPU
		{79704B3E-353E-B511-FA63-81EBB5EF9A40}.Release|Any CPU.Build.0 = Release|Any CPU
		{DF3DF651-E28B-3255-0D65-6862F57162E4}.Debug|Any CPU.ActiveCfg = Debug|Any CPU
		{DF3DF651-E28B-3255-0D65-6862F57162E4}.Debug|Any CPU.Build.0 = Debug|Any CPU
		{DF3DF651-E28B-3255-0D65-6862F57162E4}.Release|Any CPU.ActiveCfg = Release|Any CPU
		{DF3DF651-E28B-3255-0D65-6862F57162E4}.Release|Any CPU.Build.0 = Release|Any CPU
	EndGlobalSection
	GlobalSection(SolutionProperties) = preSolution
		HideSolutionNode = FALSE
	EndGlobalSection
	GlobalSection(MonoDevelopProperties) = preSolution
		StartupItem = Assembly-CSharp.csproj
	EndGlobalSection
EndGlobal
